// !$*UTF8*$!
{
	archiveVersion = 1;
	classes = {
	};
	objectVersion = 50;
	objects = {

/* Begin PBXBuildFile section */
		8B0DCFDC2577472F00A8A013 /* LaCasaDelSazonApp.swift in Sources */ = {isa = PBXBuildFile; fileRef = 8B0DCFDB2577472F00A8A013 /* LaCasaDelSazonApp.swift */; };
		8B0DCFDE2577472F00A8A013 /* ContentView.swift in Sources */ = {isa = PBXBuildFile; fileRef = 8B0DCFDD2577472F00A8A013 /* ContentView.swift */; };
		8B0DCFE02577473000A8A013 /* Assets.xcassets in Resources */ = {isa = PBXBuildFile; fileRef = 8B0DCFDF2577473000A8A013 /* Assets.xcassets */; };
		8B0DCFE32577473000A8A013 /* Preview Assets.xcassets in Resources */ = {isa = PBXBuildFile; fileRef = 8B0DCFE22577473000A8A013 /* Preview Assets.xcassets */; };
		8B0DCFE52577473000A8A013 /* Persistence.swift in Sources */ = {isa = PBXBuildFile; fileRef = 8B0DCFE42577473000A8A013 /* Persistence.swift */; };
		8B0DCFE82577473000A8A013 /* LaCasaDelSazon.xcdatamodeld in Sources */ = {isa = PBXBuildFile; fileRef = 8B0DCFE62577473000A8A013 /* LaCasaDelSazon.xcdatamodeld */; };
		8B0DCFF12577474F00A8A013 /* LoginView.swift in Sources */ = {isa = PBXBuildFile; fileRef = 8B0DCFF02577474F00A8A013 /* LoginView.swift */; };
		8B0DCFF72577480E00A8A013 /* Spacing.swift in Sources */ = {isa = PBXBuildFile; fileRef = 8B0DCFF62577480E00A8A013 /* Spacing.swift */; };
		8BDADB92257749780000DBB4 /* ReusableViews.swift in Sources */ = {isa = PBXBuildFile; fileRef = 8BDADB91257749780000DBB4 /* ReusableViews.swift */; };
/* End PBXBuildFile section */

/* Begin PBXFileReference section */
		8B0DCFD82577472F00A8A013 /* LaCasaDelSazon.app */ = {isa = PBXFileReference; explicitFileType = wrapper.application; includeInIndex = 0; path = LaCasaDelSazon.app; sourceTree = BUILT_PRODUCTS_DIR; };
		8B0DCFDB2577472F00A8A013 /* LaCasaDelSazonApp.swift */ = {isa = PBXFileReference; lastKnownFileType = sourcecode.swift; path = LaCasaDelSazonApp.swift; sourceTree = "<group>"; };
		8B0DCFDD2577472F00A8A013 /* ContentView.swift */ = {isa = PBXFileReference; lastKnownFileType = sourcecode.swift; path = ContentView.swift; sourceTree = "<group>"; };
		8B0DCFDF2577473000A8A013 /* Assets.xcassets */ = {isa = PBXFileReference; lastKnownFileType = folder.assetcatalog; path = Assets.xcassets; sourceTree = "<group>"; };
		8B0DCFE22577473000A8A013 /* Preview Assets.xcassets */ = {isa = PBXFileReference; lastKnownFileType = folder.assetcatalog; path = "Preview Assets.xcassets"; sourceTree = "<group>"; };
		8B0DCFE42577473000A8A013 /* Persistence.swift */ = {isa = PBXFileReference; lastKnownFileType = sourcecode.swift; path = Persistence.swift; sourceTree = "<group>"; };
		8B0DCFE72577473000A8A013 /* LaCasaDelSazon.xcdatamodel */ = {isa = PBXFileReference; lastKnownFileType = wrapper.xcdatamodel; path = LaCasaDelSazon.xcdatamodel; sourceTree = "<group>"; };
		8B0DCFE92577473000A8A013 /* Info.plist */ = {isa = PBXFileReference; lastKnownFileType = text.plist.xml; path = Info.plist; sourceTree = "<group>"; };
		8B0DCFF02577474F00A8A013 /* LoginView.swift */ = {isa = PBXFileReference; lastKnownFileType = sourcecode.swift; path = LoginView.swift; sourceTree = "<group>"; };
		8B0DCFF62577480E00A8A013 /* Spacing.swift */ = {isa = PBXFileReference; lastKnownFileType = sourcecode.swift; path = Spacing.swift; sourceTree = "<group>"; };
		8BDADB91257749780000DBB4 /* ReusableViews.swift */ = {isa = PBXFileReference; lastKnownFileType = sourcecode.swift; path = ReusableViews.swift; sourceTree = "<group>"; };
/* End PBXFileReference section */

/* Begin PBXFrameworksBuildPhase section */
		8B0DCFD52577472F00A8A013 /* Frameworks */ = {
			isa = PBXFrameworksBuildPhase;
			buildActionMask = 2147483647;
			files = (
			);
			runOnlyForDeploymentPostprocessing = 0;
		};
/* End PBXFrameworksBuildPhase section */

/* Begin PBXGroup section */
		8B0DCFCF2577472F00A8A013 = {
			isa = PBXGroup;
			children = (
				8B0DCFDA2577472F00A8A013 /* LaCasaDelSazon */,
				8B0DCFD92577472F00A8A013 /* Products */,
			);
			sourceTree = "<group>";
		};
		8B0DCFD92577472F00A8A013 /* Products */ = {
			isa = PBXGroup;
			children = (
				8B0DCFD82577472F00A8A013 /* LaCasaDelSazon.app */,
			);
			name = Products;
			sourceTree = "<group>";
		};
		8B0DCFDA2577472F00A8A013 /* LaCasaDelSazon */ = {
			isa = PBXGroup;
			children = (
				8B0DCFF5257747FD00A8A013 /* Configurations */,
				8B0DCFF32577477E00A8A013 /* View */,
				8B0DCFDB2577472F00A8A013 /* LaCasaDelSazonApp.swift */,
				8B0DCFDD2577472F00A8A013 /* ContentView.swift */,
				8B0DCFDF2577473000A8A013 /* Assets.xcassets */,
				8B0DCFE42577473000A8A013 /* Persistence.swift */,
				8B0DCFE92577473000A8A013 /* Info.plist */,
				8B0DCFE62577473000A8A013 /* LaCasaDelSazon.xcdatamodeld */,
				8B0DCFE12577473000A8A013 /* Preview Content */,
			);
			path = LaCasaDelSazon;
			sourceTree = "<group>";
		};
		8B0DCFE12577473000A8A013 /* Preview Content */ = {
			isa = PBXGroup;
			children = (
				8B0DCFE22577473000A8A013 /* Preview Assets.xcassets */,
			);
			path = "Preview Content";
			sourceTree = "<group>";
		};
		8B0DCFF32577477E00A8A013 /* View */ = {
			isa = PBXGroup;
			children = (
				8B0DCFF02577474F00A8A013 /* LoginView.swift */,
				8BDADB91257749780000DBB4 /* ReusableViews.swift */,
			);
			path = View;
			sourceTree = "<group>";
		};
		8B0DCFF5257747FD00A8A013 /* Configurations */ = {
			isa = PBXGroup;
			children = (
				8B0DCFF62577480E00A8A013 /* Spacing.swift */,
			);
			path = Configurations;
			sourceTree = "<group>";
		};
/* End PBXGroup section */

/* Begin PBXNativeTarget section */
		8B0DCFD72577472F00A8A013 /* LaCasaDelSazon */ = {
			isa = PBXNativeTarget;
			buildConfigurationList = 8B0DCFEC2577473000A8A013 /* Build configuration list for PBXNativeTarget "LaCasaDelSazon" */;
			buildPhases = (
				8B0DCFD42577472F00A8A013 /* Sources */,
				8B0DCFD52577472F00A8A013 /* Frameworks */,
				8B0DCFD62577472F00A8A013 /* Resources */,
			);
			buildRules = (
			);
			dependencies = (
			);
			name = LaCasaDelSazon;
			productName = LaCasaDelSazon;
			productReference = 8B0DCFD82577472F00A8A013 /* LaCasaDelSazon.app */;
			productType = "com.apple.product-type.application";
		};
/* End PBXNativeTarget section */

/* Begin PBXProject section */
		8B0DCFD02577472F00A8A013 /* Project object */ = {
			isa = PBXProject;
			attributes = {
				LastSwiftUpdateCheck = 1210;
				LastUpgradeCheck = 1210;
				TargetAttributes = {
					8B0DCFD72577472F00A8A013 = {
						CreatedOnToolsVersion = 12.1;
					};
				};
			};
			buildConfigurationList = 8B0DCFD32577472F00A8A013 /* Build configuration list for PBXProject "LaCasaDelSazon" */;
			compatibilityVersion = "Xcode 9.3";
			developmentRegion = en;
			hasScannedForEncodings = 0;
			knownRegions = (
				en,
				Base,
			);
			mainGroup = 8B0DCFCF2577472F00A8A013;
			productRefGroup = 8B0DCFD92577472F00A8A013 /* Products */;
			projectDirPath = "";
			projectRoot = "";
			targets = (
				8B0DCFD72577472F00A8A013 /* LaCasaDelSazon */,
			);
		};
/* End PBXProject section */

/* Begin PBXResourcesBuildPhase section */
		8B0DCFD62577472F00A8A013 /* Resources */ = {
			isa = PBXResourcesBuildPhase;
			buildActionMask = 2147483647;
			files = (
				8B0DCFE32577473000A8A013 /* Preview Assets.xcassets in Resources */,
				8B0DCFE02577473000A8A013 /* Assets.xcassets in Resources */,
			);
			runOnlyForDeploymentPostprocessing = 0;
		};
/* End PBXResourcesBuildPhase section */

/* Begin PBXSourcesBuildPhase section */
		8B0DCFD42577472F00A8A013 /* Sources */ = {
			isa = PBXSourcesBuildPhase;
			buildActionMask = 2147483647;
			files = (
				8BDADB92257749780000DBB4 /* ReusableViews.swift in Sources */,
				8B0DCFE82577473000A8A013 /* LaCasaDelSazon.xcdatamodeld in Sources */,
				8B0DCFE52577473000A8A013 /* Persistence.swift in Sources */,
				8B0DCFDE2577472F00A8A013 /* ContentView.swift in Sources */,
				8B0DCFF12577474F00A8A013 /* LoginView.swift in Sources */,
				8B0DCFDC2577472F00A8A013 /* LaCasaDelSazonApp.swift in Sources */,
				8B0DCFF72577480E00A8A013 /* Spacing.swift in Sources */,
			);
			runOnlyForDeploymentPostprocessing = 0;
		};
/* End PBXSourcesBuildPhase section */

/* Begin XCBuildConfiguration section */
		8B0DCFEA2577473000A8A013 /* Debug */ = {
			isa = XCBuildConfiguration;
			buildSettings = {
				ALWAYS_SEARCH_USER_PATHS = NO;
				CLANG_ANALYZER_NONNULL = YES;
				CLANG_ANALYZER_NUMBER_OBJECT_CONVERSION = YES_AGGRESSIVE;
				CLANG_CXX_LANGUAGE_STANDARD = "gnu++14";
				CLANG_CXX_LIBRARY = "libc++";
				CLANG_ENABLE_MODULES = YES;
				CLANG_ENABLE_OBJC_ARC = YES;
				CLANG_ENABLE_OBJC_WEAK = YES;
				CLANG_WARN_BLOCK_CAPTURE_AUTORELEASING = YES;
				CLANG_WARN_BOOL_CONVERSION = YES;
				CLANG_WARN_COMMA = YES;
				CLANG_WARN_CONSTANT_CONVERSION = YES;
				CLANG_WARN_DEPRECATED_OBJC_IMPLEMENTATIONS = YES;
				CLANG_WARN_DIRECT_OBJC_ISA_USAGE = YES_ERROR;
				CLANG_WARN_DOCUMENTATION_COMMENTS = YES;
				CLANG_WARN_EMPTY_BODY = YES;
				CLANG_WARN_ENUM_CONVERSION = YES;
				CLANG_WARN_INFINITE_RECURSION = YES;
				CLANG_WARN_INT_CONVERSION = YES;
				CLANG_WARN_NON_LITERAL_NULL_CONVERSION = YES;
				CLANG_WARN_OBJC_IMPLICIT_RETAIN_SELF = YES;
				CLANG_WARN_OBJC_LITERAL_CONVERSION = YES;
				CLANG_WARN_OBJC_ROOT_CLASS = YES_ERROR;
				CLANG_WARN_QUOTED_INCLUDE_IN_FRAMEWORK_HEADER = YES;
				CLANG_WARN_RANGE_LOOP_ANALYSIS = YES;
				CLANG_WARN_STRICT_PROTOTYPES = YES;
				CLANG_WARN_SUSPICIOUS_MOVE = YES;
				CLANG_WARN_UNGUARDED_AVAILABILITY = YES_AGGRESSIVE;
				CLANG_WARN_UNREACHABLE_CODE = YES;
				CLANG_WARN__DUPLICATE_METHOD_MATCH = YES;
				COPY_PHASE_STRIP = NO;
				DEBUG_INFORMATION_FORMAT = dwarf;
				ENABLE_STRICT_OBJC_MSGSEND = YES;
				ENABLE_TESTABILITY = YES;
				GCC_C_LANGUAGE_STANDARD = gnu11;
				GCC_DYNAMIC_NO_PIC = NO;
				GCC_NO_COMMON_BLOCKS = YES;
				GCC_OPTIMIZATION_LEVEL = 0;
				GCC_PREPROCESSOR_DEFINITIONS = (
					"DEBUG=1",
					"$(inherited)",
				);
				GCC_WARN_64_TO_32_BIT_CONVERSION = YES;
				GCC_WARN_ABOUT_RETURN_TYPE = YES_ERROR;
				GCC_WARN_UNDECLARED_SELECTOR = YES;
				GCC_WARN_UNINITIALIZED_AUTOS = YES_AGGRESSIVE;
				GCC_WARN_UNUSED_FUNCTION = YES;
				GCC_WARN_UNUSED_VARIABLE = YES;
				IPHONEOS_DEPLOYMENT_TARGET = 14.1;
				MTL_ENABLE_DEBUG_INFO = INCLUDE_SOURCE;
				MTL_FAST_MATH = YES;
				ONLY_ACTIVE_ARCH = YES;
				SDKROOT = iphoneos;
				SWIFT_ACTIVE_COMPILATION_CONDITIONS = DEBUG;
				SWIFT_OPTIMIZATION_LEVEL = "-Onone";
			};
			name = Debug;
		};
		8B0DCFEB2577473000A8A013 /* Release */ = {
			isa = XCBuildConfiguration;
			buildSettings = {
				ALWAYS_SEARCH_USER_PATHS = NO;
				CLANG_ANALYZER_NONNULL = YES;
				CLANG_ANALYZER_NUMBER_OBJECT_CONVERSION = YES_AGGRESSIVE;
				CLANG_CXX_LANGUAGE_STANDARD = "gnu++14";
				CLANG_CXX_LIBRARY = "libc++";
				CLANG_ENABLE_MODULES = YES;
				CLANG_ENABLE_OBJC_ARC = YES;
				CLANG_ENABLE_OBJC_WEAK = YES;
				CLANG_WARN_BLOCK_CAPTURE_AUTORELEASING = YES;
				CLANG_WARN_BOOL_CONVERSION = YES;
				CLANG_WARN_COMMA = YES;
				CLANG_WARN_CONSTANT_CONVERSION = YES;
				CLANG_WARN_DEPRECATED_OBJC_IMPLEMENTATIONS = YES;
				CLANG_WARN_DIRECT_OBJC_ISA_USAGE = YES_ERROR;
				CLANG_WARN_DOCUMENTATION_COMMENTS = YES;
				CLANG_WARN_EMPTY_BODY = YES;
				CLANG_WARN_ENUM_CONVERSION = YES;
				CLANG_WARN_INFINITE_RECURSION = YES;
				CLANG_WARN_INT_CONVERSION = YES;
				CLANG_WARN_NON_LITERAL_NULL_CONVERSION = YES;
				CLANG_WARN_OBJC_IMPLICIT_RETAIN_SELF = YES;
				CLANG_WARN_OBJC_LITERAL_CONVERSION = YES;
				CLANG_WARN_OBJC_ROOT_CLASS = YES_ERROR;
				CLANG_WARN_QUOTED_INCLUDE_IN_FRAMEWORK_HEADER = YES;
				CLANG_WARN_RANGE_LOOP_ANALYSIS = YES;
				CLANG_WARN_STRICT_PROTOTYPES = YES;
				CLANG_WARN_SUSPICIOUS_MOVE = YES;
				CLANG_WARN_UNGUARDED_AVAILABILITY = YES_AGGRESSIVE;
				CLANG_WARN_UNREACHABLE_CODE = YES;
				CLANG_WARN__DUPLICATE_METHOD_MATCH = YES;
				COPY_PHASE_STRIP = NO;
				DEBUG_INFORMATION_FORMAT = "dwarf-with-dsym";
				ENABLE_NS_ASSERTIONS = NO;
				ENABLE_STRICT_OBJC_MSGSEND = YES;
				GCC_C_LANGUAGE_STANDARD = gnu11;
				GCC_NO_COMMON_BLOCKS = YES;
				GCC_WARN_64_TO_32_BIT_CONVERSION = YES;
				GCC_WARN_ABOUT_RETURN_TYPE = YES_ERROR;
				GCC_WARN_UNDECLARED_SELECTOR = YES;
				GCC_WARN_UNINITIALIZED_AUTOS = YES_AGGRESSIVE;
				GCC_WARN_UNUSED_FUNCTION = YES;
				GCC_WARN_UNUSED_VARIABLE = YES;
				IPHONEOS_DEPLOYMENT_TARGET = 14.1;
				MTL_ENABLE_DEBUG_INFO = NO;
				MTL_FAST_MATH = YES;
				SDKROOT = iphoneos;
				SWIFT_COMPILATION_MODE = wholemodule;
				SWIFT_OPTIMIZATION_LEVEL = "-O";
				VALIDATE_PRODUCT = YES;
			};
			name = Release;
		};
		8B0DCFED2577473000A8A013 /* Debug */ = {
			isa = XCBuildConfiguration;
			buildSettings = {
				ASSETCATALOG_COMPILER_APPICON_NAME = AppIcon;
				ASSETCATALOG_COMPILER_GLOBAL_ACCENT_COLOR_NAME = AccentColor;
				CODE_SIGN_STYLE = Automatic;
				DEVELOPMENT_ASSET_PATHS = "\"LaCasaDelSazon/Preview Content\"";
				DEVELOPMENT_TEAM = 7B3J4T96ZQ;
				ENABLE_PREVIEWS = YES;
				INFOPLIST_FILE = LaCasaDelSazon/Info.plist;
				IPHONEOS_DEPLOYMENT_TARGET = 14.0;
				LD_RUNPATH_SEARCH_PATHS = (
					"$(inherited)",
					"@executable_path/Frameworks",
				);
				PRODUCT_BUNDLE_IDENTIFIER = com.diego.vops.LaCasaDelSazon;
				PRODUCT_NAME = "$(TARGET_NAME)";
				SWIFT_VERSION = 5.0;
				TARGETED_DEVICE_FAMILY = "1,2";
			};
			name = Debug;
		};
		8B0DCFEE2577473000A8A013 /* Release */ = {
			isa = XCBuildConfiguration;
			buildSettings = {
				ASSETCATALOG_COMPILER_APPICON_NAME = AppIcon;
				ASSETCATALOG_COMPILER_GLOBAL_ACCENT_COLOR_NAME = AccentColor;
				CODE_SIGN_STYLE = Automatic;
				DEVELOPMENT_ASSET_PATHS = "\"LaCasaDelSazon/Preview Content\"";
				DEVELOPMENT_TEAM = 7B3J4T96ZQ;
				ENABLE_PREVIEWS = YES;
				INFOPLIST_FILE = LaCasaDelSazon/Info.plist;
				IPHONEOS_DEPLOYMENT_TARGET = 14.0;
				LD_RUNPATH_SEARCH_PATHS = (
					"$(inherited)",
					"@executable_path/Frameworks",
				);
				PRODUCT_BUNDLE_IDENTIFIER = com.diego.vops.LaCasaDelSazon;
				PRODUCT_NAME = "$(TARGET_NAME)";
				SWIFT_VERSION = 5.0;
				TARGETED_DEVICE_FAMILY = "1,2";
			};
			name = Release;
		};
/* End XCBuildConfiguration section */

/* Begin XCConfigurationList section */
		8B0DCFD32577472F00A8A013 /* Build configuration list for PBXProject "LaCasaDelSazon" */ = {
			isa = XCConfigurationList;
			buildConfigurations = (
				8B0DCFEA2577473000A8A013 /* Debug */,
				8B0DCFEB2577473000A8A013 /* Release */,
			);
			defaultConfigurationIsVisible = 0;
			defaultConfigurationName = Release;
		};
		8B0DCFEC2577473000A8A013 /* Build configuration list for PBXNativeTarget "LaCasaDelSazon" */ = {
			isa = XCConfigurationList;
			buildConfigurations = (
				8B0DCFED2577473000A8A013 /* Debug */,
				8B0DCFEE2577473000A8A013 /* Release */,
			);
			defaultConfigurationIsVisible = 0;
			defaultConfigurationName = Release;
		};
/* End XCConfigurationList section */

/* Begin XCVersionGroup section */
		8B0DCFE62577473000A8A013 /* LaCasaDelSazon.xcdatamodeld */ = {
			isa = XCVersionGroup;
			children = (
				8B0DCFE72577473000A8A013 /* LaCasaDelSazon.xcdatamodel */,
			);
			currentVersion = 8B0DCFE72577473000A8A013 /* LaCasaDelSazon.xcdatamodel */;
			path = LaCasaDelSazon.xcdatamodeld;
			sourceTree = "<group>";
			versionGroupType = wrapper.xcdatamodel;
		};
/* End XCVersionGroup section */
	};
	rootObject = 8B0DCFD02577472F00A8A013 /* Project object */;
}
